
Microsoft Visual Studio Solution File, Format Version 12.00
# Visual Studio Version 17
VisualStudioVersion = 17.11.35431.28
MinimumVisualStudioVersion = 10.0.40219.1
Project("{9A19103F-16F7-4668-BE54-9A1E7A4F7556}") = "RCL.SSL.SDK", "src\RCL.SSL.SDK.csproj", "{84FB56CA-AE2B-4C3B-8F1B-9B98ADE28E4C}"
EndProject
Project("{2150E333-8FDC-42A3-9474-1A3956D46DE8}") = "Solution Items", "Solution Items", "{E3CB471C-5794-4584-B3D6-5784B5F5F4FA}"
	ProjectSection(SolutionItems) = preProject
		Directory.Packages.props = Directory.Packages.props
		LICENSE = LICENSE
		README.md = README.md
	EndProjectSection
EndProject
Project("{9A19103F-16F7-4668-BE54-9A1E7A4F7556}") = "RCL.SSL.SDK.Test", "test\RCL.SSL.SDK.Test.csproj", "{35D279D0-6DC8-4DFA-B741-4884F700BDA5}"
EndProject
Global
	GlobalSection(SolutionConfigurationPlatforms) = preSolution
		Debug|Any CPU = Debug|Any CPU
		Release|Any CPU = Release|Any CPU
	EndGlobalSection
	GlobalSection(ProjectConfigurationPlatforms) = postSolution
		{84FB56CA-AE2B-4C3B-8F1B-9B98ADE28E4C}.Debug|Any CPU.ActiveCfg = Debug|Any CPU
		{84FB56CA-AE2B-4C3B-8F1B-9B98ADE28E4C}.Debug|Any CPU.Build.0 = Debug|Any CPU
		{84FB56CA-AE2B-4C3B-8F1B-9B98ADE28E4C}.Release|Any CPU.ActiveCfg = Release|Any CPU
		{84FB56CA-AE2B-4C3B-8F1B-9B98ADE28E4C}.Release|Any CPU.Build.0 = Release|Any CPU
		{35D279D0-6DC8-4DFA-B741-4884F700BDA5}.Debug|Any CPU.ActiveCfg = Debug|Any CPU
		{35D279D0-6DC8-4DFA-B741-4884F700BDA5}.Debug|Any CPU.Build.0 = Debug|Any CPU
		{35D279D0-6DC8-4DFA-B741-4884F700BDA5}.Release|Any CPU.ActiveCfg = Release|Any CPU
		{35D279D0-6DC8-4DFA-B741-4884F700BDA5}.Release|Any CPU.Build.0 = Release|Any CPU
	EndGlobalSection
	GlobalSection(SolutionProperties) = preSolution
		HideSolutionNode = FALSE
	EndGlobalSection
	GlobalSection(ExtensibilityGlobals) = postSolution
		SolutionGuid = {BF0DBD3F-A601-43F3-803B-E8487611D048}
	EndGlobalSection
EndGlobal
